
Microsoft Visual Studio Solution File, Format Version 12.00
# Visual Studio Version 17
VisualStudioVersion = 17.6.33815.320
MinimumVisualStudioVersion = 10.0.40219.1
Project("{FAE04EC0-301F-11D3-BF4B-00C04F79EFBC}") = "LINQ CompilerTranslationOfLargerExample", "LINQ CompilerTranslationOfLargerExample\LINQ CompilerTranslationOfLargerExample.csproj", "{D74E5DF1-5933-47EE-961E-229042667203}"
EndProject
Global
	GlobalSection(SolutionConfigurationPlatforms) = preSolution
		Debug|Any CPU = Debug|Any CPU
		Release|Any CPU = Release|Any CPU
	EndGlobalSection
	GlobalSection(ProjectConfigurationPlatforms) = postSolution
		{D74E5DF1-5933-47EE-961E-229042667203}.Debug|Any CPU.ActiveCfg = Debug|Any CPU
		{D74E5DF1-5933-47EE-961E-229042667203}.Debug|Any CPU.Build.0 = Debug|Any CPU
		{D74E5DF1-5933-47EE-961E-229042667203}.Release|Any CPU.ActiveCfg = Release|Any CPU
		{D74E5DF1-5933-47EE-961E-229042667203}.Release|Any CPU.Build.0 = Release|Any CPU
	EndGlobalSection
	GlobalSection(SolutionProperties) = preSolution
		HideSolutionNode = FALSE
	EndGlobalSection
	GlobalSection(ExtensibilityGlobals) = postSolution
		SolutionGuid = {BDE6FA1E-6493-43F6-9FA6-D4B97E5AE68C}
	EndGlobalSection
EndGlobal
